
Microsoft Visual Studio Solution File, Format Version 12.00
# Visual Studio 15
VisualStudioVersion = 15.0.28307.1433
MinimumVisualStudioVersion = 10.0.40219.1
Project("{FAE04EC0-301F-11D3-BF4B-00C04F79EFBC}") = "QSE_Practica7", "QSE_Practica7\QSE_Practica7.csproj", "{635EE32A-A135-47AE-8BDC-8830F4605935}"
EndProject
Global
	GlobalSection(SolutionConfigurationPlatforms) = preSolution
		Debug|Any CPU = Debug|Any CPU
		Release|Any CPU = Release|Any CPU
	EndGlobalSection
	GlobalSection(ProjectConfigurationPlatforms) = postSolution
		{635EE32A-A135-47AE-8BDC-8830F4605935}.Debug|Any CPU.ActiveCfg = Debug|Any CPU
		{635EE32A-A135-47AE-8BDC-8830F4605935}.Debug|Any CPU.Build.0 = Debug|Any CPU
		{635EE32A-A135-47AE-8BDC-8830F4605935}.Release|Any CPU.ActiveCfg = Release|Any CPU
		{635EE32A-A135-47AE-8BDC-8830F4605935}.Release|Any CPU.Build.0 = Release|Any CPU
	EndGlobalSection
	GlobalSection(SolutionProperties) = preSolution
		HideSolutionNode = FALSE
	EndGlobalSection
	GlobalSection(ExtensibilityGlobals) = postSolution
		SolutionGuid = {5CED3DCF-BC0D-4657-B05B-D999004B4CAD}
	EndGlobalSection
EndGlobal
