
Microsoft Visual Studio Solution File, Format Version 12.00
# Visual Studio 15
VisualStudioVersion = 15.0.28307.1433
MinimumVisualStudioVersion = 10.0.40219.1
Project("{FAE04EC0-301F-11D3-BF4B-00C04F79EFBC}") = "QSE_Practica13", "QSE_Practica13\QSE_Practica13.csproj", "{20BE12D1-6E69-4A09-8BD0-BA7FE5404DBD}"
EndProject
Global
	GlobalSection(SolutionConfigurationPlatforms) = preSolution
		Debug|Any CPU = Debug|Any CPU
		Release|Any CPU = Release|Any CPU
	EndGlobalSection
	GlobalSection(ProjectConfigurationPlatforms) = postSolution
		{20BE12D1-6E69-4A09-8BD0-BA7FE5404DBD}.Debug|Any CPU.ActiveCfg = Debug|Any CPU
		{20BE12D1-6E69-4A09-8BD0-BA7FE5404DBD}.Debug|Any CPU.Build.0 = Debug|Any CPU
		{20BE12D1-6E69-4A09-8BD0-BA7FE5404DBD}.Release|Any CPU.ActiveCfg = Release|Any CPU
		{20BE12D1-6E69-4A09-8BD0-BA7FE5404DBD}.Release|Any CPU.Build.0 = Release|Any CPU
	EndGlobalSection
	GlobalSection(SolutionProperties) = preSolution
		HideSolutionNode = FALSE
	EndGlobalSection
	GlobalSection(ExtensibilityGlobals) = postSolution
		SolutionGuid = {1D1744C4-84D2-4BE1-833A-CC3A8A355861}
	EndGlobalSection
EndGlobal
