
Microsoft Visual Studio Solution File, Format Version 12.00
# Visual Studio 15
VisualStudioVersion = 15.0.28307.1433
MinimumVisualStudioVersion = 10.0.40219.1
Project("{FAE04EC0-301F-11D3-BF4B-00C04F79EFBC}") = "QSE_Practica12", "QSE_Practica12\QSE_Practica12.csproj", "{C324F2CF-25EB-4471-AB6D-B4E456FCBB03}"
EndProject
Global
	GlobalSection(SolutionConfigurationPlatforms) = preSolution
		Debug|Any CPU = Debug|Any CPU
		Release|Any CPU = Release|Any CPU
	EndGlobalSection
	GlobalSection(ProjectConfigurationPlatforms) = postSolution
		{C324F2CF-25EB-4471-AB6D-B4E456FCBB03}.Debug|Any CPU.ActiveCfg = Debug|Any CPU
		{C324F2CF-25EB-4471-AB6D-B4E456FCBB03}.Debug|Any CPU.Build.0 = Debug|Any CPU
		{C324F2CF-25EB-4471-AB6D-B4E456FCBB03}.Release|Any CPU.ActiveCfg = Release|Any CPU
		{C324F2CF-25EB-4471-AB6D-B4E456FCBB03}.Release|Any CPU.Build.0 = Release|Any CPU
	EndGlobalSection
	GlobalSection(SolutionProperties) = preSolution
		HideSolutionNode = FALSE
	EndGlobalSection
	GlobalSection(ExtensibilityGlobals) = postSolution
		SolutionGuid = {BE1F3C6D-7409-493C-9D2D-63647393F8C7}
	EndGlobalSection
EndGlobal
