
Microsoft Visual Studio Solution File, Format Version 12.00
# Visual Studio 15
VisualStudioVersion = 15.0.28307.1433
MinimumVisualStudioVersion = 10.0.40219.1
Project("{FAE04EC0-301F-11D3-BF4B-00C04F79EFBC}") = "QSE_Practica11", "QSE_Practica11\QSE_Practica11.csproj", "{96F7C643-7678-41C6-9790-0B4A03EA6246}"
EndProject
Global
	GlobalSection(SolutionConfigurationPlatforms) = preSolution
		Debug|Any CPU = Debug|Any CPU
		Release|Any CPU = Release|Any CPU
	EndGlobalSection
	GlobalSection(ProjectConfigurationPlatforms) = postSolution
		{96F7C643-7678-41C6-9790-0B4A03EA6246}.Debug|Any CPU.ActiveCfg = Debug|Any CPU
		{96F7C643-7678-41C6-9790-0B4A03EA6246}.Debug|Any CPU.Build.0 = Debug|Any CPU
		{96F7C643-7678-41C6-9790-0B4A03EA6246}.Release|Any CPU.ActiveCfg = Release|Any CPU
		{96F7C643-7678-41C6-9790-0B4A03EA6246}.Release|Any CPU.Build.0 = Release|Any CPU
	EndGlobalSection
	GlobalSection(SolutionProperties) = preSolution
		HideSolutionNode = FALSE
	EndGlobalSection
	GlobalSection(ExtensibilityGlobals) = postSolution
		SolutionGuid = {85F8DD71-73EA-4D15-B10A-0A65F97898DC}
	EndGlobalSection
EndGlobal
