
Microsoft Visual Studio Solution File, Format Version 12.00
# Visual Studio 15
VisualStudioVersion = 15.0.28307.1433
MinimumVisualStudioVersion = 10.0.40219.1
Project("{FAE04EC0-301F-11D3-BF4B-00C04F79EFBC}") = "QSE_Practica8", "QSE_Practica8\QSE_Practica8.csproj", "{FBF5C715-C5DE-421A-9CF0-6F1EDFE9B4B6}"
EndProject
Global
	GlobalSection(SolutionConfigurationPlatforms) = preSolution
		Debug|Any CPU = Debug|Any CPU
		Release|Any CPU = Release|Any CPU
	EndGlobalSection
	GlobalSection(ProjectConfigurationPlatforms) = postSolution
		{FBF5C715-C5DE-421A-9CF0-6F1EDFE9B4B6}.Debug|Any CPU.ActiveCfg = Debug|Any CPU
		{FBF5C715-C5DE-421A-9CF0-6F1EDFE9B4B6}.Debug|Any CPU.Build.0 = Debug|Any CPU
		{FBF5C715-C5DE-421A-9CF0-6F1EDFE9B4B6}.Release|Any CPU.ActiveCfg = Release|Any CPU
		{FBF5C715-C5DE-421A-9CF0-6F1EDFE9B4B6}.Release|Any CPU.Build.0 = Release|Any CPU
	EndGlobalSection
	GlobalSection(SolutionProperties) = preSolution
		HideSolutionNode = FALSE
	EndGlobalSection
	GlobalSection(ExtensibilityGlobals) = postSolution
		SolutionGuid = {D61A5D17-64C4-4B1F-8DE1-1A1320C23A01}
	EndGlobalSection
EndGlobal
