
Microsoft Visual Studio Solution File, Format Version 12.00
# Visual Studio 15
VisualStudioVersion = 15.0.28307.1433
MinimumVisualStudioVersion = 10.0.40219.1
Project("{FAE04EC0-301F-11D3-BF4B-00C04F79EFBC}") = "QSE_Practica10", "QSE_Practica10\QSE_Practica10.csproj", "{FEA5866B-9A34-4091-B400-1D548EAB418B}"
EndProject
Global
	GlobalSection(SolutionConfigurationPlatforms) = preSolution
		Debug|Any CPU = Debug|Any CPU
		Release|Any CPU = Release|Any CPU
	EndGlobalSection
	GlobalSection(ProjectConfigurationPlatforms) = postSolution
		{FEA5866B-9A34-4091-B400-1D548EAB418B}.Debug|Any CPU.ActiveCfg = Debug|Any CPU
		{FEA5866B-9A34-4091-B400-1D548EAB418B}.Debug|Any CPU.Build.0 = Debug|Any CPU
		{FEA5866B-9A34-4091-B400-1D548EAB418B}.Release|Any CPU.ActiveCfg = Release|Any CPU
		{FEA5866B-9A34-4091-B400-1D548EAB418B}.Release|Any CPU.Build.0 = Release|Any CPU
	EndGlobalSection
	GlobalSection(SolutionProperties) = preSolution
		HideSolutionNode = FALSE
	EndGlobalSection
	GlobalSection(ExtensibilityGlobals) = postSolution
		SolutionGuid = {B163E9CC-7251-454D-8A87-8202367C2872}
	EndGlobalSection
EndGlobal
